
Microsoft Visual Studio Solution File, Format Version 12.00
# Visual Studio Version 17
VisualStudioVersion = 17.9.34728.123
MinimumVisualStudioVersion = 10.0.40219.1
Project("{FAE04EC0-301F-11D3-BF4B-00C04F79EFBC}") = "WebAppEmpty", "WebAppEmpty\WebAppEmpty.csproj", "{A4282295-B235-4A85-A0B0-5F01CB5C64DA}"
EndProject
Global
	GlobalSection(SolutionConfigurationPlatforms) = preSolution
		Debug|Any CPU = Debug|Any CPU
		Release|Any CPU = Release|Any CPU
	EndGlobalSection
	GlobalSection(ProjectConfigurationPlatforms) = postSolution
		{A4282295-B235-4A85-A0B0-5F01CB5C64DA}.Debug|Any CPU.ActiveCfg = Debug|Any CPU
		{A4282295-B235-4A85-A0B0-5F01CB5C64DA}.Debug|Any CPU.Build.0 = Debug|Any CPU
		{A4282295-B235-4A85-A0B0-5F01CB5C64DA}.Release|Any CPU.ActiveCfg = Release|Any CPU
		{A4282295-B235-4A85-A0B0-5F01CB5C64DA}.Release|Any CPU.Build.0 = Release|Any CPU
	EndGlobalSection
	GlobalSection(SolutionProperties) = preSolution
		HideSolutionNode = FALSE
	EndGlobalSection
	GlobalSection(ExtensibilityGlobals) = postSolution
		SolutionGuid = {337E148C-3865-4F68-82E1-17748B09356A}
	EndGlobalSection
EndGlobal
