
Microsoft Visual Studio Solution File, Format Version 12.00
# Visual Studio 15
VisualStudioVersion = 15.0.28307.1340
MinimumVisualStudioVersion = 10.0.40219.1
Project("{FAE04EC0-301F-11D3-BF4B-00C04F79EFBC}") = "ConAppWebApiGenericGet", "ConAppWebApiGenericGet\ConAppWebApiGenericGet.csproj", "{1F4DA3C8-12CA-44F6-9BA2-C7AE8B4BA750}"
EndProject
Global
	GlobalSection(SolutionConfigurationPlatforms) = preSolution
		Debug|Any CPU = Debug|Any CPU
		Release|Any CPU = Release|Any CPU
	EndGlobalSection
	GlobalSection(ProjectConfigurationPlatforms) = postSolution
		{1F4DA3C8-12CA-44F6-9BA2-C7AE8B4BA750}.Debug|Any CPU.ActiveCfg = Debug|Any CPU
		{1F4DA3C8-12CA-44F6-9BA2-C7AE8B4BA750}.Debug|Any CPU.Build.0 = Debug|Any CPU
		{1F4DA3C8-12CA-44F6-9BA2-C7AE8B4BA750}.Release|Any CPU.ActiveCfg = Release|Any CPU
		{1F4DA3C8-12CA-44F6-9BA2-C7AE8B4BA750}.Release|Any CPU.Build.0 = Release|Any CPU
	EndGlobalSection
	GlobalSection(SolutionProperties) = preSolution
		HideSolutionNode = FALSE
	EndGlobalSection
	GlobalSection(ExtensibilityGlobals) = postSolution
		SolutionGuid = {E4F7EE0F-1191-424A-83A7-03F828D9C91B}
	EndGlobalSection
EndGlobal
