
Microsoft Visual Studio Solution File, Format Version 12.00
# Visual Studio Version 17
VisualStudioVersion = 17.7.34221.43
MinimumVisualStudioVersion = 10.0.40219.1
Project("{FAE04EC0-301F-11D3-BF4B-00C04F79EFBC}") = "WebApiOrderDemo", "WebApiOrderDemo\WebApiOrderDemo.csproj", "{C9F89941-1DF4-441E-A621-541E2077B07D}"
EndProject
Global
	GlobalSection(SolutionConfigurationPlatforms) = preSolution
		Debug|Any CPU = Debug|Any CPU
		Release|Any CPU = Release|Any CPU
	EndGlobalSection
	GlobalSection(ProjectConfigurationPlatforms) = postSolution
		{C9F89941-1DF4-441E-A621-541E2077B07D}.Debug|Any CPU.ActiveCfg = Debug|Any CPU
		{C9F89941-1DF4-441E-A621-541E2077B07D}.Debug|Any CPU.Build.0 = Debug|Any CPU
		{C9F89941-1DF4-441E-A621-541E2077B07D}.Release|Any CPU.ActiveCfg = Release|Any CPU
		{C9F89941-1DF4-441E-A621-541E2077B07D}.Release|Any CPU.Build.0 = Release|Any CPU
	EndGlobalSection
	GlobalSection(SolutionProperties) = preSolution
		HideSolutionNode = FALSE
	EndGlobalSection
	GlobalSection(ExtensibilityGlobals) = postSolution
		SolutionGuid = {0E3C40C3-3CB5-417E-BB7F-1D76A3717F08}
	EndGlobalSection
EndGlobal
